// !$*UTF8*$!
{
	archiveVersion = 1;
	classes = {
	};
	objectVersion = 46;
	objects = {

/* Begin PBXBuildFile section */
		1D3623260D0F684500981E51 /* AppDelegate.mm in Sources */ = {isa = PBXBuildFile; fileRef = 1D3623250D0F684500981E51 /* AppDelegate.mm */; };
		1D60589B0D05DD56006BFB54 /* main.mm in Sources */ = {isa = PBXBuildFile; fileRef = 29B97316FDCFA39411CA2CEA /* main.mm */; };
		1D60589F0D05DD5A006BFB54 /* Foundation.framework in Frameworks */ = {isa = PBXBuildFile; fileRef = 1D30AB110D05D00D00671497 /* Foundation.framework */; };
		1DF5F4E00D08C38300B7A737 /* UIKit.framework in Frameworks */ = {isa = PBXBuildFile; fileRef = 1DF5F4DF0D08C38300B7A737 /* UIKit.framework */; };
		288765FD0DF74451002DB57D /* CoreGraphics.framework in Frameworks */ = {isa = PBXBuildFile; fileRef = 288765FC0DF74451002DB57D /* CoreGraphics.framework */; };
		B914981B18BA82A800E2CBB5 /* Playable.mm in Sources */ = {isa = PBXBuildFile; fileRef = B914981A18BA82A800E2CBB5 /* Playable.mm */; };
		B91843C5198ECC4300BEE94F /* Obstacle.mm in Sources */ = {isa = PBXBuildFile; fileRef = B91843C4198ECC4300BEE94F /* Obstacle.mm */; };
		B91A603A18A1F7DD00BDD6C3 /* StartMenu.mm in Sources */ = {isa = PBXBuildFile; fileRef = B91A603918A1F7DD00BDD6C3 /* StartMenu.mm */; };
		B91AAE5B18C832030051B45C /* Images.xcassets in Resources */ = {isa = PBXBuildFile; fileRef = B91AAE5A18C832030051B45C /* Images.xcassets */; };
		B91AE64F18BC300F003C5897 /* Player.mm in Sources */ = {isa = PBXBuildFile; fileRef = B91AE64E18BC300F003C5897 /* Player.mm */; };
		B91AE66318BD5F12003C5897 /* ARCADEPI.TTF in Resources */ = {isa = PBXBuildFile; fileRef = B91AE66218BD5F12003C5897 /* ARCADEPI.TTF */; };
		B91AE66518BD7967003C5897 /* scores.plist in Resources */ = {isa = PBXBuildFile; fileRef = B91AE66418BD7967003C5897 /* scores.plist */; };
		B92BAD5B18CE9C3F00CC4500 /* ContactListener.mm in Sources */ = {isa = PBXBuildFile; fileRef = B92BAD5A18CE9C3F00CC4500 /* ContactListener.mm */; };
		B92BAD6218CEC16300CC4500 /* Bomb.mm in Sources */ = {isa = PBXBuildFile; fileRef = B92BAD6118CEC16300CC4500 /* Bomb.mm */; };
		B954BF11198E9F9300F2E3F1 /* Level_1.json in Resources */ = {isa = PBXBuildFile; fileRef = B954BF10198E9F9300F2E3F1 /* Level_1.json */; };
		B954BF17198EAD0F00F2E3F1 /* LevelModel.mm in Sources */ = {isa = PBXBuildFile; fileRef = B954BF16198EAD0F00F2E3F1 /* LevelModel.mm */; };
		B954BF1A198EAE0900F2E3F1 /* ObstacleModel.mm in Sources */ = {isa = PBXBuildFile; fileRef = B954BF19198EAE0900F2E3F1 /* ObstacleModel.mm */; };
		B958F99F18BEAC9B00D33D87 /* libChartboost.a in Frameworks */ = {isa = PBXBuildFile; fileRef = B9A2B85218BEA46500740A06 /* libChartboost.a */; };
		B958F9A018BEACB400D33D87 /* GameKit.framework in Frameworks */ = {isa = PBXBuildFile; fileRef = B9A2B84D18BDA17000740A06 /* GameKit.framework */; };
		B95AA98C18BABEA2008A8B3B /* GameOver.mm in Sources */ = {isa = PBXBuildFile; fileRef = B95AA98B18BABEA2008A8B3B /* GameOver.mm */; };
		B99817DE18A0727A003A5C33 /* libSparrow.a in Frameworks */ = {isa = PBXBuildFile; fileRef = B99817DB18A0726D003A5C33 /* libSparrow.a */; };
		B9A2B85118BDACD000740A06 /* GCHelper.mm in Sources */ = {isa = PBXBuildFile; fileRef = B9A2B85018BDACD000740A06 /* GCHelper.mm */; };
		B9AD1DEA18C6D38A007208A7 /* b2BroadPhase.cpp in Sources */ = {isa = PBXBuildFile; fileRef = B9AD1D8818C6D38A007208A7 /* b2BroadPhase.cpp */; };
		B9AD1DEB18C6D38A007208A7 /* b2CollideCircle.cpp in Sources */ = {isa = PBXBuildFile; fileRef = B9AD1D8A18C6D38A007208A7 /* b2CollideCircle.cpp */; };
		B9AD1DEC18C6D38A007208A7 /* b2CollideEdge.cpp in Sources */ = {isa = PBXBuildFile; fileRef = B9AD1D8B18C6D38A007208A7 /* b2CollideEdge.cpp */; };
		B9AD1DED18C6D38A007208A7 /* b2CollidePolygon.cpp in Sources */ = {isa = PBXBuildFile; fileRef = B9AD1D8C18C6D38A007208A7 /* b2CollidePolygon.cpp */; };
		B9AD1DEE18C6D38A007208A7 /* b2Collision.cpp in Sources */ = {isa = PBXBuildFile; fileRef = B9AD1D8D18C6D38A007208A7 /* b2Collision.cpp */; };
		B9AD1DEF18C6D38A007208A7 /* b2Distance.cpp in Sources */ = {isa = PBXBuildFile; fileRef = B9AD1D8F18C6D38A007208A7 /* b2Distance.cpp */; };
		B9AD1DF018C6D38A007208A7 /* b2DynamicTree.cpp in Sources */ = {isa = PBXBuildFile; fileRef = B9AD1D9118C6D38A007208A7 /* b2DynamicTree.cpp */; };
		B9AD1DF118C6D38A007208A7 /* b2TimeOfImpact.cpp in Sources */ = {isa = PBXBuildFile; fileRef = B9AD1D9318C6D38A007208A7 /* b2TimeOfImpact.cpp */; };
		B9AD1DF218C6D38A007208A7 /* b2ChainShape.cpp in Sources */ = {isa = PBXBuildFile; fileRef = B9AD1D9618C6D38A007208A7 /* b2ChainShape.cpp */; };
		B9AD1DF318C6D38A007208A7 /* b2CircleShape.cpp in Sources */ = {isa = PBXBuildFile; fileRef = B9AD1D9818C6D38A007208A7 /* b2CircleShape.cpp */; };
		B9AD1DF418C6D38A007208A7 /* b2EdgeShape.cpp in Sources */ = {isa = PBXBuildFile; fileRef = B9AD1D9A18C6D38A007208A7 /* b2EdgeShape.cpp */; };
		B9AD1DF518C6D38A007208A7 /* b2PolygonShape.cpp in Sources */ = {isa = PBXBuildFile; fileRef = B9AD1D9C18C6D38A007208A7 /* b2PolygonShape.cpp */; };
		B9AD1DF618C6D38A007208A7 /* b2BlockAllocator.cpp in Sources */ = {isa = PBXBuildFile; fileRef = B9AD1DA018C6D38A007208A7 /* b2BlockAllocator.cpp */; };
		B9AD1DF718C6D38A007208A7 /* b2Draw.cpp in Sources */ = {isa = PBXBuildFile; fileRef = B9AD1DA218C6D38A007208A7 /* b2Draw.cpp */; };
		B9AD1DF818C6D38A007208A7 /* b2Math.cpp in Sources */ = {isa = PBXBuildFile; fileRef = B9AD1DA518C6D38A007208A7 /* b2Math.cpp */; };
		B9AD1DF918C6D38A007208A7 /* b2Settings.cpp in Sources */ = {isa = PBXBuildFile; fileRef = B9AD1DA718C6D38A007208A7 /* b2Settings.cpp */; };
		B9AD1DFA18C6D38A007208A7 /* b2StackAllocator.cpp in Sources */ = {isa = PBXBuildFile; fileRef = B9AD1DA918C6D38A007208A7 /* b2StackAllocator.cpp */; };
		B9AD1DFB18C6D38A007208A7 /* b2Timer.cpp in Sources */ = {isa = PBXBuildFile; fileRef = B9AD1DAB18C6D38A007208A7 /* b2Timer.cpp */; };
		B9AD1DFC18C6D38A007208A7 /* b2Body.cpp in Sources */ = {isa = PBXBuildFile; fileRef = B9AD1DAE18C6D38A007208A7 /* b2Body.cpp */; };
		B9AD1DFD18C6D38A007208A7 /* b2ContactManager.cpp in Sources */ = {isa = PBXBuildFile; fileRef = B9AD1DB018C6D38A007208A7 /* b2ContactManager.cpp */; };
		B9AD1DFE18C6D38A007208A7 /* b2Fixture.cpp in Sources */ = {isa = PBXBuildFile; fileRef = B9AD1DB218C6D38A007208A7 /* b2Fixture.cpp */; };
		B9AD1DFF18C6D38A007208A7 /* b2Island.cpp in Sources */ = {isa = PBXBuildFile; fileRef = B9AD1DB418C6D38A007208A7 /* b2Island.cpp */; };
		B9AD1E0018C6D38A007208A7 /* b2World.cpp in Sources */ = {isa = PBXBuildFile; fileRef = B9AD1DB718C6D38A007208A7 /* b2World.cpp */; };
		B9AD1E0118C6D38A007208A7 /* b2WorldCallbacks.cpp in Sources */ = {isa = PBXBuildFile; fileRef = B9AD1DB918C6D38A007208A7 /* b2WorldCallbacks.cpp */; };
		B9AD1E0218C6D38A007208A7 /* b2ChainAndCircleContact.cpp in Sources */ = {isa = PBXBuildFile; fileRef = B9AD1DBC18C6D38A007208A7 /* b2ChainAndCircleContact.cpp */; };
		B9AD1E0318C6D38A007208A7 /* b2ChainAndPolygonContact.cpp in Sources */ = {isa = PBXBuildFile; fileRef = B9AD1DBE18C6D38A007208A7 /* b2ChainAndPolygonContact.cpp */; };
		B9AD1E0418C6D38A007208A7 /* b2CircleContact.cpp in Sources */ = {isa = PBXBuildFile; fileRef = B9AD1DC018C6D38A007208A7 /* b2CircleContact.cpp */; };
		B9AD1E0518C6D38A007208A7 /* b2Contact.cpp in Sources */ = {isa = PBXBuildFile; fileRef = B9AD1DC218C6D38A007208A7 /* b2Contact.cpp */; };
		B9AD1E0618C6D38A007208A7 /* b2ContactSolver.cpp in Sources */ = {isa = PBXBuildFile; fileRef = B9AD1DC418C6D38A007208A7 /* b2ContactSolver.cpp */; };
		B9AD1E0718C6D38A007208A7 /* b2EdgeAndCircleContact.cpp in Sources */ = {isa = PBXBuildFile; fileRef = B9AD1DC618C6D38A007208A7 /* b2EdgeAndCircleContact.cpp */; };
		B9AD1E0818C6D38A007208A7 /* b2EdgeAndPolygonContact.cpp in Sources */ = {isa = PBXBuildFile; fileRef = B9AD1DC818C6D38A007208A7 /* b2EdgeAndPolygonContact.cpp */; };
		B9AD1E0918C6D38A007208A7 /* b2PolygonAndCircleContact.cpp in Sources */ = {isa = PBXBuildFile; fileRef = B9AD1DCA18C6D38A007208A7 /* b2PolygonAndCircleContact.cpp */; };
		B9AD1E0A18C6D38A007208A7 /* b2PolygonContact.cpp in Sources */ = {isa = PBXBuildFile; fileRef = B9AD1DCC18C6D38A007208A7 /* b2PolygonContact.cpp */; };
		B9AD1E0B18C6D38A007208A7 /* b2DistanceJoint.cpp in Sources */ = {isa = PBXBuildFile; fileRef = B9AD1DCF18C6D38A007208A7 /* b2DistanceJoint.cpp */; };
		B9AD1E0C18C6D38A007208A7 /* b2FrictionJoint.cpp in Sources */ = {isa = PBXBuildFile; fileRef = B9AD1DD118C6D38A007208A7 /* b2FrictionJoint.cpp */; };
		B9AD1E0D18C6D38A007208A7 /* b2GearJoint.cpp in Sources */ = {isa = PBXBuildFile; fileRef = B9AD1DD318C6D38A007208A7 /* b2GearJoint.cpp */; };
		B9AD1E0E18C6D38A007208A7 /* b2Joint.cpp in Sources */ = {isa = PBXBuildFile; fileRef = B9AD1DD518C6D38A007208A7 /* b2Joint.cpp */; };
		B9AD1E0F18C6D38A007208A7 /* b2MotorJoint.cpp in Sources */ = {isa = PBXBuildFile; fileRef = B9AD1DD718C6D38A007208A7 /* b2MotorJoint.cpp */; };
		B9AD1E1018C6D38A007208A7 /* b2MouseJoint.cpp in Sources */ = {isa = PBXBuildFile; fileRef = B9AD1DD918C6D38A007208A7 /* b2MouseJoint.cpp */; };
		B9AD1E1118C6D38A007208A7 /* b2PrismaticJoint.cpp in Sources */ = {isa = PBXBuildFile; fileRef = B9AD1DDB18C6D38A007208A7 /* b2PrismaticJoint.cpp */; };
		B9AD1E1218C6D38A007208A7 /* b2PulleyJoint.cpp in Sources */ = {isa = PBXBuildFile; fileRef = B9AD1DDD18C6D38A007208A7 /* b2PulleyJoint.cpp */; };
		B9AD1E1318C6D38A007208A7 /* b2RevoluteJoint.cpp in Sources */ = {isa = PBXBuildFile; fileRef = B9AD1DDF18C6D38A007208A7 /* b2RevoluteJoint.cpp */; };
		B9AD1E1418C6D38A007208A7 /* b2RopeJoint.cpp in Sources */ = {isa = PBXBuildFile; fileRef = B9AD1DE118C6D38A007208A7 /* b2RopeJoint.cpp */; };
		B9AD1E1518C6D38A007208A7 /* b2WeldJoint.cpp in Sources */ = {isa = PBXBuildFile; fileRef = B9AD1DE318C6D38A007208A7 /* b2WeldJoint.cpp */; };
		B9AD1E1618C6D38A007208A7 /* b2WheelJoint.cpp in Sources */ = {isa = PBXBuildFile; fileRef = B9AD1DE518C6D38A007208A7 /* b2WheelJoint.cpp */; };
		B9AD1E1718C6D38A007208A7 /* b2Rope.cpp in Sources */ = {isa = PBXBuildFile; fileRef = B9AD1DE818C6D38A007208A7 /* b2Rope.cpp */; };
		B9C1E03618BEA6D7003237DC /* SystemConfiguration.framework in Frameworks */ = {isa = PBXBuildFile; fileRef = B9C1E03518BEA6D7003237DC /* SystemConfiguration.framework */; };
		B9C1E03818BEA710003237DC /* AdSupport.framework in Frameworks */ = {isa = PBXBuildFile; fileRef = B9C1E03718BEA710003237DC /* AdSupport.framework */; settings = {ATTRIBUTES = (Weak, ); }; };
		B9C1E03A18BEAA02003237DC /* StoreKit.framework in Frameworks */ = {isa = PBXBuildFile; fileRef = B9C1E03918BEAA02003237DC /* StoreKit.framework */; settings = {ATTRIBUTES = (Weak, ); }; };
		B9C1E03B18BEAA92003237DC /* OpenAL.framework in Frameworks */ = {isa = PBXBuildFile; fileRef = DE3F097711B7BABD009D4DB0 /* OpenAL.framework */; };
		B9EC9944190732C300DF5512 /* Ground.mm in Sources */ = {isa = PBXBuildFile; fileRef = B9EC9943190732C300DF5512 /* Ground.mm */; };
		B9F1ECD3198B11040084A6E1 /* Level.mm in Sources */ = {isa = PBXBuildFile; fileRef = B9F1ECD2198B11040084A6E1 /* Level.mm */; };
		B9F7C8CC18C309920090F7E2 /* background.png in Resources */ = {isa = PBXBuildFile; fileRef = B9F7C8CB18C309920090F7E2 /* background.png */; };
		DE3F093811B7B9DC009D4DB0 /* AVFoundation.framework in Frameworks */ = {isa = PBXBuildFile; fileRef = DE3F093711B7B9DC009D4DB0 /* AVFoundation.framework */; };
		DE3F093A11B7B9DC009D4DB0 /* AudioToolbox.framework in Frameworks */ = {isa = PBXBuildFile; fileRef = DE3F093911B7B9DC009D4DB0 /* AudioToolbox.framework */; };
		DE4A3D7A10FFB08200FDA492 /* OpenGLES.framework in Frameworks */ = {isa = PBXBuildFile; fileRef = DE4A3D7910FFB08200FDA492 /* OpenGLES.framework */; };
		DE4A3D7F10FFB08B00FDA492 /* QuartzCore.framework in Frameworks */ = {isa = PBXBuildFile; fileRef = DE4A3D7E10FFB08B00FDA492 /* QuartzCore.framework */; };
		DE4A3DE510FFB2AF00FDA492 /* Game.mm in Sources */ = {isa = PBXBuildFile; fileRef = DE4A3DE410FFB2AF00FDA492 /* Game.mm */; };
		DE4F80D614E153E600655D44 /* Media.mm in Sources */ = {isa = PBXBuildFile; fileRef = DE4F80D514E153E600655D44 /* Media.mm */; };
		DE4F80E814E1541400655D44 /* sound.caf in Resources */ = {isa = PBXBuildFile; fileRef = DE4F80DB14E1541400655D44 /* sound.caf */; };
		DE4F80E914E1541400655D44 /* atlas.png in Resources */ = {isa = PBXBuildFile; fileRef = DE4F80DE14E1541400655D44 /* atlas.png */; };
		DE4F80EA14E1541400655D44 /* atlas.xml in Resources */ = {isa = PBXBuildFile; fileRef = DE4F80DF14E1541400655D44 /* atlas.xml */; };
		DE5C4E6E138ED109004892CA /* libz.dylib in Frameworks */ = {isa = PBXBuildFile; fileRef = DE5C4E6D138ED109004892CA /* libz.dylib */; };
		DEAAF3DF16BC114D004EB9D5 /* GLKit.framework in Frameworks */ = {isa = PBXBuildFile; fileRef = DEAAF3DE16BC114D004EB9D5 /* GLKit.framework */; };
/* End PBXBuildFile section */

/* Begin PBXContainerItemProxy section */
		B99817DA18A0726D003A5C33 /* PBXContainerItemProxy */ = {
			isa = PBXContainerItemProxy;
			containerPortal = B99817D518A0726C003A5C33 /* Sparrow.xcodeproj */;
			proxyType = 2;
			remoteGlobalIDString = DEFE4BC2101B317600E22471;
			remoteInfo = Sparrow;
		};
		B99817DC18A0726D003A5C33 /* PBXContainerItemProxy */ = {
			isa = PBXContainerItemProxy;
			containerPortal = B99817D518A0726C003A5C33 /* Sparrow.xcodeproj */;
			proxyType = 2;
			remoteGlobalIDString = DEEA9335101E32A30071DD21;
			remoteInfo = UnitTests;
		};
/* End PBXContainerItemProxy section */

/* Begin PBXFileReference section */
		1D30AB110D05D00D00671497 /* Foundation.framework */ = {isa = PBXFileReference; lastKnownFileType = wrapper.framework; name = Foundation.framework; path = System/Library/Frameworks/Foundation.framework; sourceTree = SDKROOT; };
		1D3623240D0F684500981E51 /* AppDelegate.h */ = {isa = PBXFileReference; fileEncoding = 4; lastKnownFileType = sourcecode.c.h; path = AppDelegate.h; sourceTree = "<group>"; };
		1D3623250D0F684500981E51 /* AppDelegate.mm */ = {isa = PBXFileReference; fileEncoding = 4; lastKnownFileType = sourcecode.cpp.objcpp; path = AppDelegate.mm; sourceTree = "<group>"; };
		1D6058910D05DD3D006BFB54 /* Stomper.app */ = {isa = PBXFileReference; explicitFileType = wrapper.application; includeInIndex = 0; path = Stomper.app; sourceTree = BUILT_PRODUCTS_DIR; };
		1DF5F4DF0D08C38300B7A737 /* UIKit.framework */ = {isa = PBXFileReference; lastKnownFileType = wrapper.framework; name = UIKit.framework; path = System/Library/Frameworks/UIKit.framework; sourceTree = SDKROOT; };
		288765FC0DF74451002DB57D /* CoreGraphics.framework */ = {isa = PBXFileReference; lastKnownFileType = wrapper.framework; name = CoreGraphics.framework; path = System/Library/Frameworks/CoreGraphics.framework; sourceTree = SDKROOT; };
		29B97316FDCFA39411CA2CEA /* main.mm */ = {isa = PBXFileReference; fileEncoding = 4; lastKnownFileType = sourcecode.cpp.objcpp; path = main.mm; sourceTree = "<group>"; };
		32CA4F630368D1EE00C91783 /* App-Prefix.pch */ = {isa = PBXFileReference; fileEncoding = 4; lastKnownFileType = sourcecode.c.h; path = "App-Prefix.pch"; sourceTree = "<group>"; };
		8D1107310486CEB800E47090 /* App-Info.plist */ = {isa = PBXFileReference; fileEncoding = 4; lastKnownFileType = text.plist.xml; path = "App-Info.plist"; plistStructureDefinitionIdentifier = "com.apple.xcode.plist.structure-definition.iphone.info-plist"; sourceTree = "<group>"; };
		B90D8FAF18D6A64800E7F37B /* Box2DCreatorDelegate.h */ = {isa = PBXFileReference; lastKnownFileType = sourcecode.c.h; path = Box2DCreatorDelegate.h; sourceTree = "<group>"; };
		B914981918BA82A800E2CBB5 /* Playable.h */ = {isa = PBXFileReference; fileEncoding = 4; lastKnownFileType = sourcecode.c.h; path = Playable.h; sourceTree = "<group>"; };
		B914981A18BA82A800E2CBB5 /* Playable.mm */ = {isa = PBXFileReference; fileEncoding = 4; lastKnownFileType = sourcecode.cpp.objcpp; path = Playable.mm; sourceTree = "<group>"; };
		B91843C3198ECC4300BEE94F /* Obstacle.h */ = {isa = PBXFileReference; fileEncoding = 4; lastKnownFileType = sourcecode.c.h; path = Obstacle.h; sourceTree = "<group>"; };
		B91843C4198ECC4300BEE94F /* Obstacle.mm */ = {isa = PBXFileReference; fileEncoding = 4; lastKnownFileType = sourcecode.cpp.objcpp; path = Obstacle.mm; sourceTree = "<group>"; };
		B91A603818A1F7DD00BDD6C3 /* StartMenu.h */ = {isa = PBXFileReference; fileEncoding = 4; lastKnownFileType = sourcecode.c.h; path = StartMenu.h; sourceTree = "<group>"; };
		B91A603918A1F7DD00BDD6C3 /* StartMenu.mm */ = {isa = PBXFileReference; fileEncoding = 4; lastKnownFileType = sourcecode.cpp.objcpp; path = StartMenu.mm; sourceTree = "<group>"; };
		B91AAE5A18C832030051B45C /* Images.xcassets */ = {isa = PBXFileReference; lastKnownFileType = folder.assetcatalog; name = Images.xcassets; path = MonsterStomper/Images.xcassets; sourceTree = "<group>"; };
		B91AE64D18BC300F003C5897 /* Player.h */ = {isa = PBXFileReference; fileEncoding = 4; lastKnownFileType = sourcecode.c.h; path = Player.h; sourceTree = "<group>"; };
		B91AE64E18BC300F003C5897 /* Player.mm */ = {isa = PBXFileReference; fileEncoding = 4; lastKnownFileType = sourcecode.cpp.objcpp; path = Player.mm; sourceTree = "<group>"; };
		B91AE66218BD5F12003C5897 /* ARCADEPI.TTF */ = {isa = PBXFileReference; lastKnownFileType = file; path = ARCADEPI.TTF; sourceTree = "<group>"; };
		B91AE66418BD7967003C5897 /* scores.plist */ = {isa = PBXFileReference; fileEncoding = 4; lastKnownFileType = text.plist.xml; name = scores.plist; path = Classes/scores.plist; sourceTree = "<group>"; };
		B92BAD5918CE9C3F00CC4500 /* ContactListener.h */ = {isa = PBXFileReference; fileEncoding = 4; lastKnownFileType = sourcecode.c.h; path = ContactListener.h; sourceTree = "<group>"; };
		B92BAD5A18CE9C3F00CC4500 /* ContactListener.mm */ = {isa = PBXFileReference; fileEncoding = 4; lastKnownFileType = sourcecode.cpp.objcpp; path = ContactListener.mm; sourceTree = "<group>"; };
		B92BAD5C18CEA9D700CC4500 /* CollisionDelegate.h */ = {isa = PBXFileReference; fileEncoding = 4; lastKnownFileType = sourcecode.c.h; path = CollisionDelegate.h; sourceTree = "<group>"; };
		B92BAD6018CEC16300CC4500 /* Bomb.h */ = {isa = PBXFileReference; fileEncoding = 4; lastKnownFileType = sourcecode.c.h; path = Bomb.h; sourceTree = "<group>"; };
		B92BAD6118CEC16300CC4500 /* Bomb.mm */ = {isa = PBXFileReference; fileEncoding = 4; lastKnownFileType = sourcecode.cpp.objcpp; path = Bomb.mm; sourceTree = "<group>"; };
		B954BF10198E9F9300F2E3F1 /* Level_1.json */ = {isa = PBXFileReference; fileEncoding = 4; lastKnownFileType = text.json; path = Level_1.json; sourceTree = "<group>"; };
		B954BF15198EAD0F00F2E3F1 /* LevelModel.h */ = {isa = PBXFileReference; fileEncoding = 4; lastKnownFileType = sourcecode.c.h; path = LevelModel.h; sourceTree = "<group>"; };
		B954BF16198EAD0F00F2E3F1 /* LevelModel.mm */ = {isa = PBXFileReference; fileEncoding = 4; lastKnownFileType = sourcecode.cpp.objcpp; path = LevelModel.mm; sourceTree = "<group>"; };
		B954BF18198EAE0900F2E3F1 /* ObstacleModel.h */ = {isa = PBXFileReference; fileEncoding = 4; lastKnownFileType = sourcecode.c.h; path = ObstacleModel.h; sourceTree = "<group>"; };
		B954BF19198EAE0900F2E3F1 /* ObstacleModel.mm */ = {isa = PBXFileReference; fileEncoding = 4; lastKnownFileType = sourcecode.cpp.objcpp; path = ObstacleModel.mm; sourceTree = "<group>"; };
		B95AA98A18BABEA2008A8B3B /* GameOver.h */ = {isa = PBXFileReference; fileEncoding = 4; lastKnownFileType = sourcecode.c.h; path = GameOver.h; sourceTree = "<group>"; };
		B95AA98B18BABEA2008A8B3B /* GameOver.mm */ = {isa = PBXFileReference; fileEncoding = 4; lastKnownFileType = sourcecode.cpp.objcpp; path = GameOver.mm; sourceTree = "<group>"; };
		B99817D518A0726C003A5C33 /* Sparrow.xcodeproj */ = {isa = PBXFileReference; lastKnownFileType = "wrapper.pb-project"; name = Sparrow.xcodeproj; path = Sparrow/Sparrow.xcodeproj; sourceTree = "<group>"; };
		B9A2B84D18BDA17000740A06 /* GameKit.framework */ = {isa = PBXFileReference; lastKnownFileType = wrapper.framework; name = GameKit.framework; path = System/Library/Frameworks/GameKit.framework; sourceTree = SDKROOT; };
		B9A2B84F18BDACD000740A06 /* GCHelper.h */ = {isa = PBXFileReference; fileEncoding = 4; lastKnownFileType = sourcecode.c.h; path = GCHelper.h; sourceTree = "<group>"; };
		B9A2B85018BDACD000740A06 /* GCHelper.mm */ = {isa = PBXFileReference; fileEncoding = 4; lastKnownFileType = sourcecode.cpp.objcpp; path = GCHelper.mm; sourceTree = "<group>"; };
		B9A2B85218BEA46500740A06 /* libChartboost.a */ = {isa = PBXFileReference; lastKnownFileType = archive.ar; path = libChartboost.a; sourceTree = "<group>"; };
		B9A2B85418BEA47B00740A06 /* Chartboost.h */ = {isa = PBXFileReference; lastKnownFileType = sourcecode.c.h; path = Chartboost.h; sourceTree = "<group>"; };
		B9AD1D8618C6D38A007208A7 /* Box2D.h */ = {isa = PBXFileReference; fileEncoding = 4; lastKnownFileType = sourcecode.c.h; path = Box2D.h; sourceTree = "<group>"; };
		B9AD1D8818C6D38A007208A7 /* b2BroadPhase.cpp */ = {isa = PBXFileReference; fileEncoding = 4; lastKnownFileType = sourcecode.cpp.cpp; path = b2BroadPhase.cpp; sourceTree = "<group>"; };
		B9AD1D8918C6D38A007208A7 /* b2BroadPhase.h */ = {isa = PBXFileReference; fileEncoding = 4; lastKnownFileType = sourcecode.c.h; path = b2BroadPhase.h; sourceTree = "<group>"; };
		B9AD1D8A18C6D38A007208A7 /* b2CollideCircle.cpp */ = {isa = PBXFileReference; fileEncoding = 4; lastKnownFileType = sourcecode.cpp.cpp; path = b2CollideCircle.cpp; sourceTree = "<group>"; };
		B9AD1D8B18C6D38A007208A7 /* b2CollideEdge.cpp */ = {isa = PBXFileReference; fileEncoding = 4; lastKnownFileType = sourcecode.cpp.cpp; path = b2CollideEdge.cpp; sourceTree = "<group>"; };
		B9AD1D8C18C6D38A007208A7 /* b2CollidePolygon.cpp */ = {isa = PBXFileReference; fileEncoding = 4; lastKnownFileType = sourcecode.cpp.cpp; path = b2CollidePolygon.cpp; sourceTree = "<group>"; };
		B9AD1D8D18C6D38A007208A7 /* b2Collision.cpp */ = {isa = PBXFileReference; fileEncoding = 4; lastKnownFileType = sourcecode.cpp.cpp; path = b2Collision.cpp; sourceTree = "<group>"; };
		B9AD1D8E18C6D38A007208A7 /* b2Collision.h */ = {isa = PBXFileReference; fileEncoding = 4; lastKnownFileType = sourcecode.c.h; path = b2Collision.h; sourceTree = "<group>"; };
		B9AD1D8F18C6D38A007208A7 /* b2Distance.cpp */ = {isa = PBXFileReference; fileEncoding = 4; lastKnownFileType = sourcecode.cpp.cpp; path = b2Distance.cpp; sourceTree = "<group>"; };
		B9AD1D9018C6D38A007208A7 /* b2Distance.h */ = {isa = PBXFileReference; fileEncoding = 4; lastKnownFileType = sourcecode.c.h; path = b2Distance.h; sourceTree = "<group>"; };
		B9AD1D9118C6D38A007208A7 /* b2DynamicTree.cpp */ = {isa = PBXFileReference; fileEncoding = 4; lastKnownFileType = sourcecode.cpp.cpp; path = b2DynamicTree.cpp; sourceTree = "<group>"; };
		B9AD1D9218C6D38A007208A7 /* b2DynamicTree.h */ = {isa = PBXFileReference; fileEncoding = 4; lastKnownFileType = sourcecode.c.h; path = b2DynamicTree.h; sourceTree = "<group>"; };
		B9AD1D9318C6D38A007208A7 /* b2TimeOfImpact.cpp */ = {isa = PBXFileReference; fileEncoding = 4; lastKnownFileType = sourcecode.cpp.cpp; path = b2TimeOfImpact.cpp; sourceTree = "<group>"; };
		B9AD1D9418C6D38A007208A7 /* b2TimeOfImpact.h */ = {isa = PBXFileReference; fileEncoding = 4; lastKnownFileType = sourcecode.c.h; path = b2TimeOfImpact.h; sourceTree = "<group>"; };
		B9AD1D9618C6D38A007208A7 /* b2ChainShape.cpp */ = {isa = PBXFileReference; fileEncoding = 4; lastKnownFileType = sourcecode.cpp.cpp; path = b2ChainShape.cpp; sourceTree = "<group>"; };
		B9AD1D9718C6D38A007208A7 /* b2ChainShape.h */ = {isa = PBXFileReference; fileEncoding = 4; lastKnownFileType = sourcecode.c.h; path = b2ChainShape.h; sourceTree = "<group>"; };
		B9AD1D9818C6D38A007208A7 /* b2CircleShape.cpp */ = {isa = PBXFileReference; fileEncoding = 4; lastKnownFileType = sourcecode.cpp.cpp; path = b2CircleShape.cpp; sourceTree = "<group>"; };
		B9AD1D9918C6D38A007208A7 /* b2CircleShape.h */ = {isa = PBXFileReference; fileEncoding = 4; lastKnownFileType = sourcecode.c.h; path = b2CircleShape.h; sourceTree = "<group>"; };
		B9AD1D9A18C6D38A007208A7 /* b2EdgeShape.cpp */ = {isa = PBXFileReference; fileEncoding = 4; lastKnownFileType = sourcecode.cpp.cpp; path = b2EdgeShape.cpp; sourceTree = "<group>"; };
		B9AD1D9B18C6D38A007208A7 /* b2EdgeShape.h */ = {isa = PBXFileReference; fileEncoding = 4; lastKnownFileType = sourcecode.c.h; path = b2EdgeShape.h; sourceTree = "<group>"; };
		B9AD1D9C18C6D38A007208A7 /* b2PolygonShape.cpp */ = {isa = PBXFileReference; fileEncoding = 4; lastKnownFileType = sourcecode.cpp.cpp; path = b2PolygonShape.cpp; sourceTree = "<group>"; };
		B9AD1D9D18C6D38A007208A7 /* b2PolygonShape.h */ = {isa = PBXFileReference; fileEncoding = 4; lastKnownFileType = sourcecode.c.h; path = b2PolygonShape.h; sourceTree = "<group>"; };
		B9AD1D9E18C6D38A007208A7 /* b2Shape.h */ = {isa = PBXFileReference; fileEncoding = 4; lastKnownFileType = sourcecode.c.h; path = b2Shape.h; sourceTree = "<group>"; };
		B9AD1DA018C6D38A007208A7 /* b2BlockAllocator.cpp */ = {isa = PBXFileReference; fileEncoding = 4; lastKnownFileType = sourcecode.cpp.cpp; path = b2BlockAllocator.cpp; sourceTree = "<group>"; };
		B9AD1DA118C6D38A007208A7 /* b2BlockAllocator.h */ = {isa = PBXFileReference; fileEncoding = 4; lastKnownFileType = sourcecode.c.h; path = b2BlockAllocator.h; sourceTree = "<group>"; };
		B9AD1DA218C6D38A007208A7 /* b2Draw.cpp */ = {isa = PBXFileReference; fileEncoding = 4; lastKnownFileType = sourcecode.cpp.cpp; path = b2Draw.cpp; sourceTree = "<group>"; };
		B9AD1DA318C6D38A007208A7 /* b2Draw.h */ = {isa = PBXFileReference; fileEncoding = 4; lastKnownFileType = sourcecode.c.h; path = b2Draw.h; sourceTree = "<group>"; };
		B9AD1DA418C6D38A007208A7 /* b2GrowableStack.h */ = {isa = PBXFileReference; fileEncoding = 4; lastKnownFileType = sourcecode.c.h; path = b2GrowableStack.h; sourceTree = "<group>"; };
		B9AD1DA518C6D38A007208A7 /* b2Math.cpp */ = {isa = PBXFileReference; fileEncoding = 4; lastKnownFileType = sourcecode.cpp.cpp; path = b2Math.cpp; sourceTree = "<group>"; };
		B9AD1DA618C6D38A007208A7 /* b2Math.h */ = {isa = PBXFileReference; fileEncoding = 4; lastKnownFileType = sourcecode.c.h; path = b2Math.h; sourceTree = "<group>"; };
		B9AD1DA718C6D38A007208A7 /* b2Settings.cpp */ = {isa = PBXFileReference; fileEncoding = 4; lastKnownFileType = sourcecode.cpp.cpp; path = b2Settings.cpp; sourceTree = "<group>"; };
		B9AD1DA818C6D38A007208A7 /* b2Settings.h */ = {isa = PBXFileReference; fileEncoding = 4; lastKnownFileType = sourcecode.c.h; path = b2Settings.h; sourceTree = "<group>"; };
		B9AD1DA918C6D38A007208A7 /* b2StackAllocator.cpp */ = {isa = PBXFileReference; fileEncoding = 4; lastKnownFileType = sourcecode.cpp.cpp; path = b2StackAllocator.cpp; sourceTree = "<group>"; };
		B9AD1DAA18C6D38A007208A7 /* b2StackAllocator.h */ = {isa = PBXFileReference; fileEncoding = 4; lastKnownFileType = sourcecode.c.h; path = b2StackAllocator.h; sourceTree = "<group>"; };
		B9AD1DAB18C6D38A007208A7 /* b2Timer.cpp */ = {isa = PBXFileReference; fileEncoding = 4; lastKnownFileType = sourcecode.cpp.cpp; path = b2Timer.cpp; sourceTree = "<group>"; };
		B9AD1DAC18C6D38A007208A7 /* b2Timer.h */ = {isa = PBXFileReference; fileEncoding = 4; lastKnownFileType = sourcecode.c.h; path = b2Timer.h; sourceTree = "<group>"; };
		B9AD1DAE18C6D38A007208A7 /* b2Body.cpp */ = {isa = PBXFileReference; fileEncoding = 4; lastKnownFileType = sourcecode.cpp.cpp; path = b2Body.cpp; sourceTree = "<group>"; };
		B9AD1DAF18C6D38A007208A7 /* b2Body.h */ = {isa = PBXFileReference; fileEncoding = 4; lastKnownFileType = sourcecode.c.h; path = b2Body.h; sourceTree = "<group>"; };
		B9AD1DB018C6D38A007208A7 /* b2ContactManager.cpp */ = {isa = PBXFileReference; fileEncoding = 4; lastKnownFileType = sourcecode.cpp.cpp; path = b2ContactManager.cpp; sourceTree = "<group>"; };
		B9AD1DB118C6D38A007208A7 /* b2ContactManager.h */ = {isa = PBXFileReference; fileEncoding = 4; lastKnownFileType = sourcecode.c.h; path = b2ContactManager.h; sourceTree = "<group>"; };
		B9AD1DB218C6D38A007208A7 /* b2Fixture.cpp */ = {isa = PBXFileReference; fileEncoding = 4; lastKnownFileType = sourcecode.cpp.cpp; path = b2Fixture.cpp; sourceTree = "<group>"; };
		B9AD1DB318C6D38A007208A7 /* b2Fixture.h */ = {isa = PBXFileReference; fileEncoding = 4; lastKnownFileType = sourcecode.c.h; path = b2Fixture.h; sourceTree = "<group>"; };
		B9AD1DB418C6D38A007208A7 /* b2Island.cpp */ = {isa = PBXFileReference; fileEncoding = 4; lastKnownFileType = sourcecode.cpp.cpp; path = b2Island.cpp; sourceTree = "<group>"; };
		B9AD1DB518C6D38A007208A7 /* b2Island.h */ = {isa = PBXFileReference; fileEncoding = 4; lastKnownFileType = sourcecode.c.h; path = b2Island.h; sourceTree = "<group>"; };
		B9AD1DB618C6D38A007208A7 /* b2TimeStep.h */ = {isa = PBXFileReference; fileEncoding = 4; lastKnownFileType = sourcecode.c.h; path = b2TimeStep.h; sourceTree = "<group>"; };
		B9AD1DB718C6D38A007208A7 /* b2World.cpp */ = {isa = PBXFileReference; fileEncoding = 4; lastKnownFileType = sourcecode.cpp.cpp; path = b2World.cpp; sourceTree = "<group>"; };
		B9AD1DB818C6D38A007208A7 /* b2World.h */ = {isa = PBXFileReference; fileEncoding = 4; lastKnownFileType = sourcecode.c.h; path = b2World.h; sourceTree = "<group>"; };
		B9AD1DB918C6D38A007208A7 /* b2WorldCallbacks.cpp */ = {isa = PBXFileReference; fileEncoding = 4; lastKnownFileType = sourcecode.cpp.cpp; path = b2WorldCallbacks.cpp; sourceTree = "<group>"; };
		B9AD1DBA18C6D38A007208A7 /* b2WorldCallbacks.h */ = {isa = PBXFileReference; fileEncoding = 4; lastKnownFileType = sourcecode.c.h; path = b2WorldCallbacks.h; sourceTree = "<group>"; };
		B9AD1DBC18C6D38A007208A7 /* b2ChainAndCircleContact.cpp */ = {isa = PBXFileReference; fileEncoding = 4; lastKnownFileType = sourcecode.cpp.cpp; path = b2ChainAndCircleContact.cpp; sourceTree = "<group>"; };
		B9AD1DBD18C6D38A007208A7 /* b2ChainAndCircleContact.h */ = {isa = PBXFileReference; fileEncoding = 4; lastKnownFileType = sourcecode.c.h; path = b2ChainAndCircleContact.h; sourceTree = "<group>"; };
		B9AD1DBE18C6D38A007208A7 /* b2ChainAndPolygonContact.cpp */ = {isa = PBXFileReference; fileEncoding = 4; lastKnownFileType = sourcecode.cpp.cpp; path = b2ChainAndPolygonContact.cpp; sourceTree = "<group>"; };
		B9AD1DBF18C6D38A007208A7 /* b2ChainAndPolygonContact.h */ = {isa = PBXFileReference; fileEncoding = 4; lastKnownFileType = sourcecode.c.h; path = b2ChainAndPolygonContact.h; sourceTree = "<group>"; };
		B9AD1DC018C6D38A007208A7 /* b2CircleContact.cpp */ = {isa = PBXFileReference; fileEncoding = 4; lastKnownFileType = sourcecode.cpp.cpp; path = b2CircleContact.cpp; sourceTree = "<group>"; };
		B9AD1DC118C6D38A007208A7 /* b2CircleContact.h */ = {isa = PBXFileReference; fileEncoding = 4; lastKnownFileType = sourcecode.c.h; path = b2CircleContact.h; sourceTree = "<group>"; };
		B9AD1DC218C6D38A007208A7 /* b2Contact.cpp */ = {isa = PBXFileReference; fileEncoding = 4; lastKnownFileType = sourcecode.cpp.cpp; path = b2Contact.cpp; sourceTree = "<group>"; };
		B9AD1DC318C6D38A007208A7 /* b2Contact.h */ = {isa = PBXFileReference; fileEncoding = 4; lastKnownFileType = sourcecode.c.h; path = b2Contact.h; sourceTree = "<group>"; };
		B9AD1DC418C6D38A007208A7 /* b2ContactSolver.cpp */ = {isa = PBXFileReference; fileEncoding = 4; lastKnownFileType = sourcecode.cpp.cpp; path = b2ContactSolver.cpp; sourceTree = "<group>"; };
		B9AD1DC518C6D38A007208A7 /* b2ContactSolver.h */ = {isa = PBXFileReference; fileEncoding = 4; lastKnownFileType = sourcecode.c.h; path = b2ContactSolver.h; sourceTree = "<group>"; };
		B9AD1DC618C6D38A007208A7 /* b2EdgeAndCircleContact.cpp */ = {isa = PBXFileReference; fileEncoding = 4; lastKnownFileType = sourcecode.cpp.cpp; path = b2EdgeAndCircleContact.cpp; sourceTree = "<group>"; };
		B9AD1DC718C6D38A007208A7 /* b2EdgeAndCircleContact.h */ = {isa = PBXFileReference; fileEncoding = 4; lastKnownFileType = sourcecode.c.h; path = b2EdgeAndCircleContact.h; sourceTree = "<group>"; };
		B9AD1DC818C6D38A007208A7 /* b2EdgeAndPolygonContact.cpp */ = {isa = PBXFileReference; fileEncoding = 4; lastKnownFileType = sourcecode.cpp.cpp; path = b2EdgeAndPolygonContact.cpp; sourceTree = "<group>"; };
		B9AD1DC918C6D38A007208A7 /* b2EdgeAndPolygonContact.h */ = {isa = PBXFileReference; fileEncoding = 4; lastKnownFileType = sourcecode.c.h; path = b2EdgeAndPolygonContact.h; sourceTree = "<group>"; };
		B9AD1DCA18C6D38A007208A7 /* b2PolygonAndCircleContact.cpp */ = {isa = PBXFileReference; fileEncoding = 4; lastKnownFileType = sourcecode.cpp.cpp; path = b2PolygonAndCircleContact.cpp; sourceTree = "<group>"; };
		B9AD1DCB18C6D38A007208A7 /* b2PolygonAndCircleContact.h */ = {isa = PBXFileReference; fileEncoding = 4; lastKnownFileType = sourcecode.c.h; path = b2PolygonAndCircleContact.h; sourceTree = "<group>"; };
		B9AD1DCC18C6D38A007208A7 /* b2PolygonContact.cpp */ = {isa = PBXFileReference; fileEncoding = 4; lastKnownFileType = sourcecode.cpp.cpp; path = b2PolygonContact.cpp; sourceTree = "<group>"; };
		B9AD1DCD18C6D38A007208A7 /* b2PolygonContact.h */ = {isa = PBXFileReference; fileEncoding = 4; lastKnownFileType = sourcecode.c.h; path = b2PolygonContact.h; sourceTree = "<group>"; };
		B9AD1DCF18C6D38A007208A7 /* b2DistanceJoint.cpp */ = {isa = PBXFileReference; fileEncoding = 4; lastKnownFileType = sourcecode.cpp.cpp; path = b2DistanceJoint.cpp; sourceTree = "<group>"; };
		B9AD1DD018C6D38A007208A7 /* b2DistanceJoint.h */ = {isa = PBXFileReference; fileEncoding = 4; lastKnownFileType = sourcecode.c.h; path = b2DistanceJoint.h; sourceTree = "<group>"; };
		B9AD1DD118C6D38A007208A7 /* b2FrictionJoint.cpp */ = {isa = PBXFileReference; fileEncoding = 4; lastKnownFileType = sourcecode.cpp.cpp; path = b2FrictionJoint.cpp; sourceTree = "<group>"; };
		B9AD1DD218C6D38A007208A7 /* b2FrictionJoint.h */ = {isa = PBXFileReference; fileEncoding = 4; lastKnownFileType = sourcecode.c.h; path = b2FrictionJoint.h; sourceTree = "<group>"; };
		B9AD1DD318C6D38A007208A7 /* b2GearJoint.cpp */ = {isa = PBXFileReference; fileEncoding = 4; lastKnownFileType = sourcecode.cpp.cpp; path = b2GearJoint.cpp; sourceTree = "<group>"; };
		B9AD1DD418C6D38A007208A7 /* b2GearJoint.h */ = {isa = PBXFileReference; fileEncoding = 4; lastKnownFileType = sourcecode.c.h; path = b2GearJoint.h; sourceTree = "<group>"; };
		B9AD1DD518C6D38A007208A7 /* b2Joint.cpp */ = {isa = PBXFileReference; fileEncoding = 4; lastKnownFileType = sourcecode.cpp.cpp; path = b2Joint.cpp; sourceTree = "<group>"; };
		B9AD1DD618C6D38A007208A7 /* b2Joint.h */ = {isa = PBXFileReference; fileEncoding = 4; lastKnownFileType = sourcecode.c.h; path = b2Joint.h; sourceTree = "<group>"; };
		B9AD1DD718C6D38A007208A7 /* b2MotorJoint.cpp */ = {isa = PBXFileReference; fileEncoding = 4; lastKnownFileType = sourcecode.cpp.cpp; path = b2MotorJoint.cpp; sourceTree = "<group>"; };
		B9AD1DD818C6D38A007208A7 /* b2MotorJoint.h */ = {isa = PBXFileReference; fileEncoding = 4; lastKnownFileType = sourcecode.c.h; path = b2MotorJoint.h; sourceTree = "<group>"; };
		B9AD1DD918C6D38A007208A7 /* b2MouseJoint.cpp */ = {isa = PBXFileReference; fileEncoding = 4; lastKnownFileType = sourcecode.cpp.cpp; path = b2MouseJoint.cpp; sourceTree = "<group>"; };
		B9AD1DDA18C6D38A007208A7 /* b2MouseJoint.h */ = {isa = PBXFileReference; fileEncoding = 4; lastKnownFileType = sourcecode.c.h; path = b2MouseJoint.h; sourceTree = "<group>"; };
		B9AD1DDB18C6D38A007208A7 /* b2PrismaticJoint.cpp */ = {isa = PBXFileReference; fileEncoding = 4; lastKnownFileType = sourcecode.cpp.cpp; path = b2PrismaticJoint.cpp; sourceTree = "<group>"; };
		B9AD1DDC18C6D38A007208A7 /* b2PrismaticJoint.h */ = {isa = PBXFileReference; fileEncoding = 4; lastKnownFileType = sourcecode.c.h; path = b2PrismaticJoint.h; sourceTree = "<group>"; };
		B9AD1DDD18C6D38A007208A7 /* b2PulleyJoint.cpp */ = {isa = PBXFileReference; fileEncoding = 4; lastKnownFileType = sourcecode.cpp.cpp; path = b2PulleyJoint.cpp; sourceTree = "<group>"; };
		B9AD1DDE18C6D38A007208A7 /* b2PulleyJoint.h */ = {isa = PBXFileReference; fileEncoding = 4; lastKnownFileType = sourcecode.c.h; path = b2PulleyJoint.h; sourceTree = "<group>"; };
		B9AD1DDF18C6D38A007208A7 /* b2RevoluteJoint.cpp */ = {isa = PBXFileReference; fileEncoding = 4; lastKnownFileType = sourcecode.cpp.cpp; path = b2RevoluteJoint.cpp; sourceTree = "<group>"; };
		B9AD1DE018C6D38A007208A7 /* b2RevoluteJoint.h */ = {isa = PBXFileReference; fileEncoding = 4; lastKnownFileType = sourcecode.c.h; path = b2RevoluteJoint.h; sourceTree = "<group>"; };
		B9AD1DE118C6D38A007208A7 /* b2RopeJoint.cpp */ = {isa = PBXFileReference; fileEncoding = 4; lastKnownFileType = sourcecode.cpp.cpp; path = b2RopeJoint.cpp; sourceTree = "<group>"; };
		B9AD1DE218C6D38A007208A7 /* b2RopeJoint.h */ = {isa = PBXFileReference; fileEncoding = 4; lastKnownFileType = sourcecode.c.h; path = b2RopeJoint.h; sourceTree = "<group>"; };
		B9AD1DE318C6D38A007208A7 /* b2WeldJoint.cpp */ = {isa = PBXFileReference; fileEncoding = 4; lastKnownFileType = sourcecode.cpp.cpp; path = b2WeldJoint.cpp; sourceTree = "<group>"; };
		B9AD1DE418C6D38A007208A7 /* b2WeldJoint.h */ = {isa = PBXFileReference; fileEncoding = 4; lastKnownFileType = sourcecode.c.h; path = b2WeldJoint.h; sourceTree = "<group>"; };
		B9AD1DE518C6D38A007208A7 /* b2WheelJoint.cpp */ = {isa = PBXFileReference; fileEncoding = 4; lastKnownFileType = sourcecode.cpp.cpp; path = b2WheelJoint.cpp; sourceTree = "<group>"; };
		B9AD1DE618C6D38A007208A7 /* b2WheelJoint.h */ = {isa = PBXFileReference; fileEncoding = 4; lastKnownFileType = sourcecode.c.h; path = b2WheelJoint.h; sourceTree = "<group>"; };
		B9AD1DE818C6D38A007208A7 /* b2Rope.cpp */ = {isa = PBXFileReference; fileEncoding = 4; lastKnownFileType = sourcecode.cpp.cpp; path = b2Rope.cpp; sourceTree = "<group>"; };
		B9AD1DE918C6D38A007208A7 /* b2Rope.h */ = {isa = PBXFileReference; fileEncoding = 4; lastKnownFileType = sourcecode.c.h; path = b2Rope.h; sourceTree = "<group>"; };
		B9C1E03518BEA6D7003237DC /* SystemConfiguration.framework */ = {isa = PBXFileReference; lastKnownFileType = wrapper.framework; name = SystemConfiguration.framework; path = System/Library/Frameworks/SystemConfiguration.framework; sourceTree = SDKROOT; };
		B9C1E03718BEA710003237DC /* AdSupport.framework */ = {isa = PBXFileReference; lastKnownFileType = wrapper.framework; name = AdSupport.framework; path = System/Library/Frameworks/AdSupport.framework; sourceTree = SDKROOT; };
		B9C1E03918BEAA02003237DC /* StoreKit.framework */ = {isa = PBXFileReference; lastKnownFileType = wrapper.framework; name = StoreKit.framework; path = System/Library/Frameworks/StoreKit.framework; sourceTree = SDKROOT; };
		B9EC9942190732C300DF5512 /* Ground.h */ = {isa = PBXFileReference; fileEncoding = 4; lastKnownFileType = sourcecode.c.h; path = Ground.h; sourceTree = "<group>"; };
		B9EC9943190732C300DF5512 /* Ground.mm */ = {isa = PBXFileReference; fileEncoding = 4; lastKnownFileType = sourcecode.cpp.objcpp; path = Ground.mm; sourceTree = "<group>"; };
		B9F1ECD1198B11040084A6E1 /* Level.h */ = {isa = PBXFileReference; fileEncoding = 4; lastKnownFileType = sourcecode.c.h; path = Level.h; sourceTree = "<group>"; };
		B9F1ECD2198B11040084A6E1 /* Level.mm */ = {isa = PBXFileReference; fileEncoding = 4; lastKnownFileType = sourcecode.cpp.objcpp; path = Level.mm; sourceTree = "<group>"; };
		B9F7C8CB18C309920090F7E2 /* background.png */ = {isa = PBXFileReference; lastKnownFileType = image.png; name = background.png; path = ../media/graphics/background.png; sourceTree = "<group>"; };
		DE115960162320F100A25086 /* background.jpg */ = {isa = PBXFileReference; lastKnownFileType = image.jpeg; path = background.jpg; sourceTree = "<group>"; };
		DE3F093711B7B9DC009D4DB0 /* AVFoundation.framework */ = {isa = PBXFileReference; lastKnownFileType = wrapper.framework; name = AVFoundation.framework; path = System/Library/Frameworks/AVFoundation.framework; sourceTree = SDKROOT; };
		DE3F093911B7B9DC009D4DB0 /* AudioToolbox.framework */ = {isa = PBXFileReference; lastKnownFileType = wrapper.framework; name = AudioToolbox.framework; path = System/Library/Frameworks/AudioToolbox.framework; sourceTree = SDKROOT; };
		DE3F097711B7BABD009D4DB0 /* OpenAL.framework */ = {isa = PBXFileReference; lastKnownFileType = wrapper.framework; name = OpenAL.framework; path = System/Library/Frameworks/OpenAL.framework; sourceTree = SDKROOT; };
		DE4A3D7910FFB08200FDA492 /* OpenGLES.framework */ = {isa = PBXFileReference; lastKnownFileType = wrapper.framework; name = OpenGLES.framework; path = System/Library/Frameworks/OpenGLES.framework; sourceTree = SDKROOT; };
		DE4A3D7E10FFB08B00FDA492 /* QuartzCore.framework */ = {isa = PBXFileReference; lastKnownFileType = wrapper.framework; name = QuartzCore.framework; path = System/Library/Frameworks/QuartzCore.framework; sourceTree = SDKROOT; };
		DE4A3DE310FFB2AF00FDA492 /* Game.h */ = {isa = PBXFileReference; fileEncoding = 4; lastKnownFileType = sourcecode.c.h; path = Game.h; sourceTree = "<group>"; };
		DE4A3DE410FFB2AF00FDA492 /* Game.mm */ = {isa = PBXFileReference; fileEncoding = 4; lastKnownFileType = sourcecode.cpp.objcpp; path = Game.mm; sourceTree = "<group>"; };
		DE4F80D414E153E600655D44 /* Media.h */ = {isa = PBXFileReference; fileEncoding = 4; lastKnownFileType = sourcecode.c.h; path = Media.h; sourceTree = "<group>"; };
		DE4F80D514E153E600655D44 /* Media.mm */ = {isa = PBXFileReference; fileEncoding = 4; lastKnownFileType = sourcecode.cpp.objcpp; path = Media.mm; sourceTree = "<group>"; };
		DE4F80DB14E1541400655D44 /* sound.caf */ = {isa = PBXFileReference; lastKnownFileType = file; path = sound.caf; sourceTree = "<group>"; };
		DE4F80DE14E1541400655D44 /* atlas.png */ = {isa = PBXFileReference; lastKnownFileType = image.png; path = atlas.png; sourceTree = "<group>"; };
		DE4F80DF14E1541400655D44 /* atlas.xml */ = {isa = PBXFileReference; fileEncoding = 4; lastKnownFileType = text.xml; path = atlas.xml; sourceTree = "<group>"; };
		DE4F80E314E1541400655D44 /* atlas@2x.png */ = {isa = PBXFileReference; lastKnownFileType = image.png; path = "atlas@2x.png"; sourceTree = "<group>"; };
		DE4F80E414E1541400655D44 /* atlas@2x.xml */ = {isa = PBXFileReference; fileEncoding = 4; lastKnownFileType = text.xml; path = "atlas@2x.xml"; sourceTree = "<group>"; };
		DE5C4E6D138ED109004892CA /* libz.dylib */ = {isa = PBXFileReference; lastKnownFileType = "compiled.mach-o.dylib"; name = libz.dylib; path = usr/lib/libz.dylib; sourceTree = SDKROOT; };
		DEAAF3DE16BC114D004EB9D5 /* GLKit.framework */ = {isa = PBXFileReference; lastKnownFileType = wrapper.framework; name = GLKit.framework; path = System/Library/Frameworks/GLKit.framework; sourceTree = SDKROOT; };
/* End PBXFileReference section */

/* Begin PBXFrameworksBuildPhase section */
		1D60588F0D05DD3D006BFB54 /* Frameworks */ = {
			isa = PBXFrameworksBuildPhase;
			buildActionMask = 2147483647;
			files = (
				B958F9A018BEACB400D33D87 /* GameKit.framework in Frameworks */,
				B958F99F18BEAC9B00D33D87 /* libChartboost.a in Frameworks */,
				B9C1E03B18BEAA92003237DC /* OpenAL.framework in Frameworks */,
				B9C1E03A18BEAA02003237DC /* StoreKit.framework in Frameworks */,
				B9C1E03818BEA710003237DC /* AdSupport.framework in Frameworks */,
				B9C1E03618BEA6D7003237DC /* SystemConfiguration.framework in Frameworks */,
				B99817DE18A0727A003A5C33 /* libSparrow.a in Frameworks */,
				DE5C4E6E138ED109004892CA /* libz.dylib in Frameworks */,
				DEAAF3DF16BC114D004EB9D5 /* GLKit.framework in Frameworks */,
				1D60589F0D05DD5A006BFB54 /* Foundation.framework in Frameworks */,
				1DF5F4E00D08C38300B7A737 /* UIKit.framework in Frameworks */,
				288765FD0DF74451002DB57D /* CoreGraphics.framework in Frameworks */,
				DE4A3D7A10FFB08200FDA492 /* OpenGLES.framework in Frameworks */,
				DE4A3D7F10FFB08B00FDA492 /* QuartzCore.framework in Frameworks */,
				DE3F093811B7B9DC009D4DB0 /* AVFoundation.framework in Frameworks */,
				DE3F093A11B7B9DC009D4DB0 /* AudioToolbox.framework in Frameworks */,
			);
			runOnlyForDeploymentPostprocessing = 0;
		};
/* End PBXFrameworksBuildPhase section */

/* Begin PBXGroup section */
		080E96DDFE201D6D7F000001 /* Classes */ = {
			isa = PBXGroup;
			children = (
				B954BF0D198E9EA900F2E3F1 /* Levels */,
				B92BAD5618CE9BD300CC4500 /* Physics Helpers */,
				B91A603718A1F77400BDD6C3 /* Menu */,
				DE4F80D714E153EA00655D44 /* Game */,
				1D3623240D0F684500981E51 /* AppDelegate.h */,
				1D3623250D0F684500981E51 /* AppDelegate.mm */,
				B9A2B84F18BDACD000740A06 /* GCHelper.h */,
				B9A2B85018BDACD000740A06 /* GCHelper.mm */,
			);
			path = Classes;
			sourceTree = "<group>";
		};
		19C28FACFE9D520D11CA2CBB /* Products */ = {
			isa = PBXGroup;
			children = (
				1D6058910D05DD3D006BFB54 /* Stomper.app */,
			);
			name = Products;
			sourceTree = "<group>";
		};
		29B97314FDCFA39411CA2CEA /* CustomTemplate */ = {
			isa = PBXGroup;
			children = (
				B99817D518A0726C003A5C33 /* Sparrow.xcodeproj */,
				B9AD1D8518C6D38A007208A7 /* Box2D */,
				080E96DDFE201D6D7F000001 /* Classes */,
				29B97315FDCFA39411CA2CEA /* Other Sources */,
				29B97317FDCFA39411CA2CEA /* Resources */,
				29B97323FDCFA39411CA2CEA /* Frameworks */,
				19C28FACFE9D520D11CA2CBB /* Products */,
			);
			name = CustomTemplate;
			sourceTree = "<group>";
		};
		29B97315FDCFA39411CA2CEA /* Other Sources */ = {
			isa = PBXGroup;
			children = (
				32CA4F630368D1EE00C91783 /* App-Prefix.pch */,
				8D1107310486CEB800E47090 /* App-Info.plist */,
				29B97316FDCFA39411CA2CEA /* main.mm */,
				B91AE66418BD7967003C5897 /* scores.plist */,
			);
			name = "Other Sources";
			sourceTree = "<group>";
		};
		29B97317FDCFA39411CA2CEA /* Resources */ = {
			isa = PBXGroup;
			children = (
				B91AAE5A18C832030051B45C /* Images.xcassets */,
				B9F7C8CB18C309920090F7E2 /* background.png */,
				B9A2B85418BEA47B00740A06 /* Chartboost.h */,
				B9A2B85218BEA46500740A06 /* libChartboost.a */,
				B91AE66218BD5F12003C5897 /* ARCADEPI.TTF */,
				DE0C71121624180300357F6E /* system */,
				DE4F80D914E1541400655D44 /* audio */,
				DE4F80DC14E1541400655D44 /* graphics */,
			);
			name = Resources;
			sourceTree = "<group>";
		};
		29B97323FDCFA39411CA2CEA /* Frameworks */ = {
			isa = PBXGroup;
			children = (
				B9C1E03918BEAA02003237DC /* StoreKit.framework */,
				B9C1E03718BEA710003237DC /* AdSupport.framework */,
				B9C1E03518BEA6D7003237DC /* SystemConfiguration.framework */,
				B9A2B84D18BDA17000740A06 /* GameKit.framework */,
				DE5C4E6D138ED109004892CA /* libz.dylib */,
				DEAAF3DE16BC114D004EB9D5 /* GLKit.framework */,
				DE3F093711B7B9DC009D4DB0 /* AVFoundation.framework */,
				DE3F093911B7B9DC009D4DB0 /* AudioToolbox.framework */,
				DE3F097711B7BABD009D4DB0 /* OpenAL.framework */,
				DE4A3D7E10FFB08B00FDA492 /* QuartzCore.framework */,
				DE4A3D7910FFB08200FDA492 /* OpenGLES.framework */,
				1DF5F4DF0D08C38300B7A737 /* UIKit.framework */,
				1D30AB110D05D00D00671497 /* Foundation.framework */,
				288765FC0DF74451002DB57D /* CoreGraphics.framework */,
			);
			name = Frameworks;
			sourceTree = "<group>";
		};
		B914981718BA81D600E2CBB5 /* Playable */ = {
			isa = PBXGroup;
			children = (
				B914981918BA82A800E2CBB5 /* Playable.h */,
				B914981A18BA82A800E2CBB5 /* Playable.mm */,
			);
			name = Playable;
			sourceTree = "<group>";
		};
		B91A603718A1F77400BDD6C3 /* Menu */ = {
			isa = PBXGroup;
			children = (
				B95AA98A18BABEA2008A8B3B /* GameOver.h */,
				B95AA98B18BABEA2008A8B3B /* GameOver.mm */,
				B91A603818A1F7DD00BDD6C3 /* StartMenu.h */,
				B91A603918A1F7DD00BDD6C3 /* StartMenu.mm */,
			);
			name = Menu;
			sourceTree = "<group>";
		};
		B91AAE5C18C835650051B45C /* Objects */ = {
			isa = PBXGroup;
			children = (
				B91843C3198ECC4300BEE94F /* Obstacle.h */,
				B91843C4198ECC4300BEE94F /* Obstacle.mm */,
				B9EC9942190732C300DF5512 /* Ground.h */,
				B9EC9943190732C300DF5512 /* Ground.mm */,
			);
			name = Objects;
			sourceTree = "<group>";
		};
		B91AE64C18BC2F2F003C5897 /* Player */ = {
			isa = PBXGroup;
			children = (
				B91AE64D18BC300F003C5897 /* Player.h */,
				B91AE64E18BC300F003C5897 /* Player.mm */,
			);
			name = Player;
			sourceTree = "<group>";
		};
		B92BAD5618CE9BD300CC4500 /* Physics Helpers */ = {
			isa = PBXGroup;
			children = (
				B92BAD5918CE9C3F00CC4500 /* ContactListener.h */,
				B92BAD5A18CE9C3F00CC4500 /* ContactListener.mm */,
				B92BAD5C18CEA9D700CC4500 /* CollisionDelegate.h */,
				B90D8FAF18D6A64800E7F37B /* Box2DCreatorDelegate.h */,
			);
			name = "Physics Helpers";
			sourceTree = "<group>";
		};
		B92BAD5F18CEC14F00CC4500 /* Ammunition */ = {
			isa = PBXGroup;
			children = (
				B92BAD6018CEC16300CC4500 /* Bomb.h */,
				B92BAD6118CEC16300CC4500 /* Bomb.mm */,
			);
			name = Ammunition;
			sourceTree = "<group>";
		};
		B954BF0D198E9EA900F2E3F1 /* Levels */ = {
			isa = PBXGroup;
			children = (
				B954BF10198E9F9300F2E3F1 /* Level_1.json */,
				B954BF15198EAD0F00F2E3F1 /* LevelModel.h */,
				B954BF16198EAD0F00F2E3F1 /* LevelModel.mm */,
				B954BF18198EAE0900F2E3F1 /* ObstacleModel.h */,
				B954BF19198EAE0900F2E3F1 /* ObstacleModel.mm */,
			);
			name = Levels;
			sourceTree = "<group>";
		};
		B99817D618A0726C003A5C33 /* Products */ = {
			isa = PBXGroup;
			children = (
				B99817DB18A0726D003A5C33 /* libSparrow.a */,
				B99817DD18A0726D003A5C33 /* UnitTest.octest */,
			);
			name = Products;
			sourceTree = "<group>";
		};
		B9AD1D8518C6D38A007208A7 /* Box2D */ = {
			isa = PBXGroup;
			children = (
				B9AD1D8618C6D38A007208A7 /* Box2D.h */,
				B9AD1D8718C6D38A007208A7 /* Collision */,
				B9AD1D9F18C6D38A007208A7 /* Common */,
				B9AD1DAD18C6D38A007208A7 /* Dynamics */,
				B9AD1DE718C6D38A007208A7 /* Rope */,
			);
			path = Box2D;
			sourceTree = "<group>";
		};
		B9AD1D8718C6D38A007208A7 /* Collision */ = {
			isa = PBXGroup;
			children = (
				B9AD1D8818C6D38A007208A7 /* b2BroadPhase.cpp */,
				B9AD1D8918C6D38A007208A7 /* b2BroadPhase.h */,
				B9AD1D8A18C6D38A007208A7 /* b2CollideCircle.cpp */,
				B9AD1D8B18C6D38A007208A7 /* b2CollideEdge.cpp */,
				B9AD1D8C18C6D38A007208A7 /* b2CollidePolygon.cpp */,
				B9AD1D8D18C6D38A007208A7 /* b2Collision.cpp */,
				B9AD1D8E18C6D38A007208A7 /* b2Collision.h */,
				B9AD1D8F18C6D38A007208A7 /* b2Distance.cpp */,
				B9AD1D9018C6D38A007208A7 /* b2Distance.h */,
				B9AD1D9118C6D38A007208A7 /* b2DynamicTree.cpp */,
				B9AD1D9218C6D38A007208A7 /* b2DynamicTree.h */,
				B9AD1D9318C6D38A007208A7 /* b2TimeOfImpact.cpp */,
				B9AD1D9418C6D38A007208A7 /* b2TimeOfImpact.h */,
				B9AD1D9518C6D38A007208A7 /* Shapes */,
			);
			path = Collision;
			sourceTree = "<group>";
		};
		B9AD1D9518C6D38A007208A7 /* Shapes */ = {
			isa = PBXGroup;
			children = (
				B9AD1D9618C6D38A007208A7 /* b2ChainShape.cpp */,
				B9AD1D9718C6D38A007208A7 /* b2ChainShape.h */,
				B9AD1D9818C6D38A007208A7 /* b2CircleShape.cpp */,
				B9AD1D9918C6D38A007208A7 /* b2CircleShape.h */,
				B9AD1D9A18C6D38A007208A7 /* b2EdgeShape.cpp */,
				B9AD1D9B18C6D38A007208A7 /* b2EdgeShape.h */,
				B9AD1D9C18C6D38A007208A7 /* b2PolygonShape.cpp */,
				B9AD1D9D18C6D38A007208A7 /* b2PolygonShape.h */,
				B9AD1D9E18C6D38A007208A7 /* b2Shape.h */,
			);
			path = Shapes;
			sourceTree = "<group>";
		};
		B9AD1D9F18C6D38A007208A7 /* Common */ = {
			isa = PBXGroup;
			children = (
				B9AD1DA018C6D38A007208A7 /* b2BlockAllocator.cpp */,
				B9AD1DA118C6D38A007208A7 /* b2BlockAllocator.h */,
				B9AD1DA218C6D38A007208A7 /* b2Draw.cpp */,
				B9AD1DA318C6D38A007208A7 /* b2Draw.h */,
				B9AD1DA418C6D38A007208A7 /* b2GrowableStack.h */,
				B9AD1DA518C6D38A007208A7 /* b2Math.cpp */,
				B9AD1DA618C6D38A007208A7 /* b2Math.h */,
				B9AD1DA718C6D38A007208A7 /* b2Settings.cpp */,
				B9AD1DA818C6D38A007208A7 /* b2Settings.h */,
				B9AD1DA918C6D38A007208A7 /* b2StackAllocator.cpp */,
				B9AD1DAA18C6D38A007208A7 /* b2StackAllocator.h */,
				B9AD1DAB18C6D38A007208A7 /* b2Timer.cpp */,
				B9AD1DAC18C6D38A007208A7 /* b2Timer.h */,
			);
			path = Common;
			sourceTree = "<group>";
		};
		B9AD1DAD18C6D38A007208A7 /* Dynamics */ = {
			isa = PBXGroup;
			children = (
				B9AD1DAE18C6D38A007208A7 /* b2Body.cpp */,
				B9AD1DAF18C6D38A007208A7 /* b2Body.h */,
				B9AD1DB018C6D38A007208A7 /* b2ContactManager.cpp */,
				B9AD1DB118C6D38A007208A7 /* b2ContactManager.h */,
				B9AD1DB218C6D38A007208A7 /* b2Fixture.cpp */,
				B9AD1DB318C6D38A007208A7 /* b2Fixture.h */,
				B9AD1DB418C6D38A007208A7 /* b2Island.cpp */,
				B9AD1DB518C6D38A007208A7 /* b2Island.h */,
				B9AD1DB618C6D38A007208A7 /* b2TimeStep.h */,
				B9AD1DB718C6D38A007208A7 /* b2World.cpp */,
				B9AD1DB818C6D38A007208A7 /* b2World.h */,
				B9AD1DB918C6D38A007208A7 /* b2WorldCallbacks.cpp */,
				B9AD1DBA18C6D38A007208A7 /* b2WorldCallbacks.h */,
				B9AD1DBB18C6D38A007208A7 /* Contacts */,
				B9AD1DCE18C6D38A007208A7 /* Joints */,
			);
			path = Dynamics;
			sourceTree = "<group>";
		};
		B9AD1DBB18C6D38A007208A7 /* Contacts */ = {
			isa = PBXGroup;
			children = (
				B9AD1DBC18C6D38A007208A7 /* b2ChainAndCircleContact.cpp */,
				B9AD1DBD18C6D38A007208A7 /* b2ChainAndCircleContact.h */,
				B9AD1DBE18C6D38A007208A7 /* b2ChainAndPolygonContact.cpp */,
				B9AD1DBF18C6D38A007208A7 /* b2ChainAndPolygonContact.h */,
				B9AD1DC018C6D38A007208A7 /* b2CircleContact.cpp */,
				B9AD1DC118C6D38A007208A7 /* b2CircleContact.h */,
				B9AD1DC218C6D38A007208A7 /* b2Contact.cpp */,
				B9AD1DC318C6D38A007208A7 /* b2Contact.h */,
				B9AD1DC418C6D38A007208A7 /* b2ContactSolver.cpp */,
				B9AD1DC518C6D38A007208A7 /* b2ContactSolver.h */,
				B9AD1DC618C6D38A007208A7 /* b2EdgeAndCircleContact.cpp */,
				B9AD1DC718C6D38A007208A7 /* b2EdgeAndCircleContact.h */,
				B9AD1DC818C6D38A007208A7 /* b2EdgeAndPolygonContact.cpp */,
				B9AD1DC918C6D38A007208A7 /* b2EdgeAndPolygonContact.h */,
				B9AD1DCA18C6D38A007208A7 /* b2PolygonAndCircleContact.cpp */,
				B9AD1DCB18C6D38A007208A7 /* b2PolygonAndCircleContact.h */,
				B9AD1DCC18C6D38A007208A7 /* b2PolygonContact.cpp */,
				B9AD1DCD18C6D38A007208A7 /* b2PolygonContact.h */,
			);
			path = Contacts;
			sourceTree = "<group>";
		};
		B9AD1DCE18C6D38A007208A7 /* Joints */ = {
			isa = PBXGroup;
			children = (
				B9AD1DCF18C6D38A007208A7 /* b2DistanceJoint.cpp */,
				B9AD1DD018C6D38A007208A7 /* b2DistanceJoint.h */,
				B9AD1DD118C6D38A007208A7 /* b2FrictionJoint.cpp */,
				B9AD1DD218C6D38A007208A7 /* b2FrictionJoint.h */,
				B9AD1DD318C6D38A007208A7 /* b2GearJoint.cpp */,
				B9AD1DD418C6D38A007208A7 /* b2GearJoint.h */,
				B9AD1DD518C6D38A007208A7 /* b2Joint.cpp */,
				B9AD1DD618C6D38A007208A7 /* b2Joint.h */,
				B9AD1DD718C6D38A007208A7 /* b2MotorJoint.cpp */,
				B9AD1DD818C6D38A007208A7 /* b2MotorJoint.h */,
				B9AD1DD918C6D38A007208A7 /* b2MouseJoint.cpp */,
				B9AD1DDA18C6D38A007208A7 /* b2MouseJoint.h */,
				B9AD1DDB18C6D38A007208A7 /* b2PrismaticJoint.cpp */,
				B9AD1DDC18C6D38A007208A7 /* b2PrismaticJoint.h */,
				B9AD1DDD18C6D38A007208A7 /* b2PulleyJoint.cpp */,
				B9AD1DDE18C6D38A007208A7 /* b2PulleyJoint.h */,
				B9AD1DDF18C6D38A007208A7 /* b2RevoluteJoint.cpp */,
				B9AD1DE018C6D38A007208A7 /* b2RevoluteJoint.h */,
				B9AD1DE118C6D38A007208A7 /* b2RopeJoint.cpp */,
				B9AD1DE218C6D38A007208A7 /* b2RopeJoint.h */,
				B9AD1DE318C6D38A007208A7 /* b2WeldJoint.cpp */,
				B9AD1DE418C6D38A007208A7 /* b2WeldJoint.h */,
				B9AD1DE518C6D38A007208A7 /* b2WheelJoint.cpp */,
				B9AD1DE618C6D38A007208A7 /* b2WheelJoint.h */,
			);
			path = Joints;
			sourceTree = "<group>";
		};
		B9AD1DE718C6D38A007208A7 /* Rope */ = {
			isa = PBXGroup;
			children = (
				B9AD1DE818C6D38A007208A7 /* b2Rope.cpp */,
				B9AD1DE918C6D38A007208A7 /* b2Rope.h */,
			);
			path = Rope;
			sourceTree = "<group>";
		};
		B9F1ECCE198B10A00084A6E1 /* Scenes */ = {
			isa = PBXGroup;
			children = (
				B9F1ECD1198B11040084A6E1 /* Level.h */,
				B9F1ECD2198B11040084A6E1 /* Level.mm */,
			);
			name = Scenes;
			sourceTree = "<group>";
		};
		DE0C71121624180300357F6E /* system */ = {
			isa = PBXGroup;
			children = (
			);
			name = system;
			sourceTree = "<group>";
		};
		DE4F80D714E153EA00655D44 /* Game */ = {
			isa = PBXGroup;
			children = (
				B9F1ECCE198B10A00084A6E1 /* Scenes */,
				B92BAD5F18CEC14F00CC4500 /* Ammunition */,
				B91AAE5C18C835650051B45C /* Objects */,
				B91AE64C18BC2F2F003C5897 /* Player */,
				B914981718BA81D600E2CBB5 /* Playable */,
				DE4A3DE310FFB2AF00FDA492 /* Game.h */,
				DE4A3DE410FFB2AF00FDA492 /* Game.mm */,
				DE4F80D414E153E600655D44 /* Media.h */,
				DE4F80D514E153E600655D44 /* Media.mm */,
			);
			name = Game;
			sourceTree = "<group>";
		};
		DE4F80D914E1541400655D44 /* audio */ = {
			isa = PBXGroup;
			children = (
				DE4F80DB14E1541400655D44 /* sound.caf */,
			);
			name = audio;
			path = ../media/audio;
			sourceTree = "<group>";
		};
		DE4F80DC14E1541400655D44 /* graphics */ = {
			isa = PBXGroup;
			children = (
				DE4F80DD14E1541400655D44 /* 1x */,
				DE4F80E214E1541400655D44 /* 2x */,
			);
			name = graphics;
			path = ../media/graphics;
			sourceTree = "<group>";
		};
		DE4F80DD14E1541400655D44 /* 1x */ = {
			isa = PBXGroup;
			children = (
				DE4F80DE14E1541400655D44 /* atlas.png */,
				DE4F80DF14E1541400655D44 /* atlas.xml */,
				DE115960162320F100A25086 /* background.jpg */,
			);
			path = 1x;
			sourceTree = "<group>";
		};
		DE4F80E214E1541400655D44 /* 2x */ = {
			isa = PBXGroup;
			children = (
				DE4F80E314E1541400655D44 /* atlas@2x.png */,
				DE4F80E414E1541400655D44 /* atlas@2x.xml */,
			);
			path = 2x;
			sourceTree = "<group>";
		};
/* End PBXGroup section */

/* Begin PBXNativeTarget section */
		1D6058900D05DD3D006BFB54 /* MonsterStomper */ = {
			isa = PBXNativeTarget;
			buildConfigurationList = 1D6058960D05DD3E006BFB54 /* Build configuration list for PBXNativeTarget "MonsterStomper" */;
			buildPhases = (
				1D60588D0D05DD3D006BFB54 /* Resources */,
				1D60588E0D05DD3D006BFB54 /* Sources */,
				1D60588F0D05DD3D006BFB54 /* Frameworks */,
			);
			buildRules = (
			);
			dependencies = (
			);
			name = MonsterStomper;
			productName = AppMonsterStomper;
			productReference = 1D6058910D05DD3D006BFB54 /* Stomper.app */;
			productType = "com.apple.product-type.application";
		};
/* End PBXNativeTarget section */

/* Begin PBXProject section */
		29B97313FDCFA39411CA2CEA /* Project object */ = {
			isa = PBXProject;
			attributes = {
				LastUpgradeCheck = 0450;
				TargetAttributes = {
					1D6058900D05DD3D006BFB54 = {
						DevelopmentTeam = Z855Y6256D;
						SystemCapabilities = {
							com.apple.InAppPurchase = {
								enabled = 0;
							};
						};
					};
				};
			};
			buildConfigurationList = C01FCF4E08A954540054247B /* Build configuration list for PBXProject "MonsterStomper" */;
			compatibilityVersion = "Xcode 3.2";
			developmentRegion = English;
			hasScannedForEncodings = 1;
			knownRegions = (
				English,
				Japanese,
				French,
				German,
			);
			mainGroup = 29B97314FDCFA39411CA2CEA /* CustomTemplate */;
			projectDirPath = "";
			projectReferences = (
				{
					ProductGroup = B99817D618A0726C003A5C33 /* Products */;
					ProjectRef = B99817D518A0726C003A5C33 /* Sparrow.xcodeproj */;
				},
			);
			projectRoot = "";
			targets = (
				1D6058900D05DD3D006BFB54 /* MonsterStomper */,
			);
		};
/* End PBXProject section */

/* Begin PBXReferenceProxy section */
		B99817DB18A0726D003A5C33 /* libSparrow.a */ = {
			isa = PBXReferenceProxy;
			fileType = archive.ar;
			path = libSparrow.a;
			remoteRef = B99817DA18A0726D003A5C33 /* PBXContainerItemProxy */;
			sourceTree = BUILT_PRODUCTS_DIR;
		};
		B99817DD18A0726D003A5C33 /* UnitTest.octest */ = {
			isa = PBXReferenceProxy;
			fileType = wrapper.cfbundle;
			path = UnitTest.octest;
			remoteRef = B99817DC18A0726D003A5C33 /* PBXContainerItemProxy */;
			sourceTree = BUILT_PRODUCTS_DIR;
		};
/* End PBXReferenceProxy section */

/* Begin PBXResourcesBuildPhase section */
		1D60588D0D05DD3D006BFB54 /* Resources */ = {
			isa = PBXResourcesBuildPhase;
			buildActionMask = 2147483647;
			files = (
				B9F7C8CC18C309920090F7E2 /* background.png in Resources */,
				B91AE66318BD5F12003C5897 /* ARCADEPI.TTF in Resources */,
				B91AAE5B18C832030051B45C /* Images.xcassets in Resources */,
				DE4F80E814E1541400655D44 /* sound.caf in Resources */,
				B954BF11198E9F9300F2E3F1 /* Level_1.json in Resources */,
				DE4F80E914E1541400655D44 /* atlas.png in Resources */,
				B91AE66518BD7967003C5897 /* scores.plist in Resources */,
				DE4F80EA14E1541400655D44 /* atlas.xml in Resources */,
			);
			runOnlyForDeploymentPostprocessing = 0;
		};
/* End PBXResourcesBuildPhase section */

/* Begin PBXSourcesBuildPhase section */
		1D60588E0D05DD3D006BFB54 /* Sources */ = {
			isa = PBXSourcesBuildPhase;
			buildActionMask = 2147483647;
			files = (
				B9AD1E1518C6D38A007208A7 /* b2WeldJoint.cpp in Sources */,
				B91AE64F18BC300F003C5897 /* Player.mm in Sources */,
				B9AD1DF718C6D38A007208A7 /* b2Draw.cpp in Sources */,
				B9AD1DFC18C6D38A007208A7 /* b2Body.cpp in Sources */,
				B9AD1E0318C6D38A007208A7 /* b2ChainAndPolygonContact.cpp in Sources */,
				B9A2B85118BDACD000740A06 /* GCHelper.mm in Sources */,
				B9AD1DEF18C6D38A007208A7 /* b2Distance.cpp in Sources */,
				B914981B18BA82A800E2CBB5 /* Playable.mm in Sources */,
				B9AD1E0B18C6D38A007208A7 /* b2DistanceJoint.cpp in Sources */,
				B9AD1E0818C6D38A007208A7 /* b2EdgeAndPolygonContact.cpp in Sources */,
				B9AD1DF218C6D38A007208A7 /* b2ChainShape.cpp in Sources */,
				B9AD1DED18C6D38A007208A7 /* b2CollidePolygon.cpp in Sources */,
				B9AD1E0D18C6D38A007208A7 /* b2GearJoint.cpp in Sources */,
				B9AD1E1218C6D38A007208A7 /* b2PulleyJoint.cpp in Sources */,
				B92BAD5B18CE9C3F00CC4500 /* ContactListener.mm in Sources */,
				B9AD1E0C18C6D38A007208A7 /* b2FrictionJoint.cpp in Sources */,
				B9AD1DF118C6D38A007208A7 /* b2TimeOfImpact.cpp in Sources */,
				B9AD1E0518C6D38A007208A7 /* b2Contact.cpp in Sources */,
				B9AD1E0118C6D38A007208A7 /* b2WorldCallbacks.cpp in Sources */,
				B91A603A18A1F7DD00BDD6C3 /* StartMenu.mm in Sources */,
				B9AD1DF518C6D38A007208A7 /* b2PolygonShape.cpp in Sources */,
				B92BAD6218CEC16300CC4500 /* Bomb.mm in Sources */,
				B9AD1E0F18C6D38A007208A7 /* b2MotorJoint.cpp in Sources */,
				B954BF17198EAD0F00F2E3F1 /* LevelModel.mm in Sources */,
				B9EC9944190732C300DF5512 /* Ground.mm in Sources */,
				B9AD1DF818C6D38A007208A7 /* b2Math.cpp in Sources */,
				B9AD1DF618C6D38A007208A7 /* b2BlockAllocator.cpp in Sources */,
				1D60589B0D05DD56006BFB54 /* main.mm in Sources */,
				B9AD1E0918C6D38A007208A7 /* b2PolygonAndCircleContact.cpp in Sources */,
				B9AD1DEB18C6D38A007208A7 /* b2CollideCircle.cpp in Sources */,
				B9AD1E0418C6D38A007208A7 /* b2CircleContact.cpp in Sources */,
				B9AD1E1018C6D38A007208A7 /* b2MouseJoint.cpp in Sources */,
				B9AD1DEA18C6D38A007208A7 /* b2BroadPhase.cpp in Sources */,
				B9AD1E0718C6D38A007208A7 /* b2EdgeAndCircleContact.cpp in Sources */,
				B9AD1DFB18C6D38A007208A7 /* b2Timer.cpp in Sources */,
				B9AD1E0618C6D38A007208A7 /* b2ContactSolver.cpp in Sources */,
				B9AD1DF018C6D38A007208A7 /* b2DynamicTree.cpp in Sources */,
				B9AD1DFF18C6D38A007208A7 /* b2Island.cpp in Sources */,
				B9AD1E0A18C6D38A007208A7 /* b2PolygonContact.cpp in Sources */,
				B9AD1DF418C6D38A007208A7 /* b2EdgeShape.cpp in Sources */,
				B9AD1E0218C6D38A007208A7 /* b2ChainAndCircleContact.cpp in Sources */,
				B95AA98C18BABEA2008A8B3B /* GameOver.mm in Sources */,
				B9AD1DEE18C6D38A007208A7 /* b2Collision.cpp in Sources */,
				B9AD1DF318C6D38A007208A7 /* b2CircleShape.cpp in Sources */,
				B9AD1E0018C6D38A007208A7 /* b2World.cpp in Sources */,
				B9AD1DFE18C6D38A007208A7 /* b2Fixture.cpp in Sources */,
				B9AD1E1718C6D38A007208A7 /* b2Rope.cpp in Sources */,
				B954BF1A198EAE0900F2E3F1 /* ObstacleModel.mm in Sources */,
				B9AD1E1618C6D38A007208A7 /* b2WheelJoint.cpp in Sources */,
				B9AD1DFA18C6D38A007208A7 /* b2StackAllocator.cpp in Sources */,
				B9F1ECD3198B11040084A6E1 /* Level.mm in Sources */,
				B9AD1E1118C6D38A007208A7 /* b2PrismaticJoint.cpp in Sources */,
				1D3623260D0F684500981E51 /* AppDelegate.mm in Sources */,
				B9AD1DF918C6D38A007208A7 /* b2Settings.cpp in Sources */,
				B9AD1E1318C6D38A007208A7 /* b2RevoluteJoint.cpp in Sources */,
				B9AD1E0E18C6D38A007208A7 /* b2Joint.cpp in Sources */,
				B9AD1DFD18C6D38A007208A7 /* b2ContactManager.cpp in Sources */,
				B91843C5198ECC4300BEE94F /* Obstacle.mm in Sources */,
				B9AD1DEC18C6D38A007208A7 /* b2CollideEdge.cpp in Sources */,
				B9AD1E1418C6D38A007208A7 /* b2RopeJoint.cpp in Sources */,
				DE4A3DE510FFB2AF00FDA492 /* Game.mm in Sources */,
				DE4F80D614E153E600655D44 /* Media.mm in Sources */,
			);
			runOnlyForDeploymentPostprocessing = 0;
		};
/* End PBXSourcesBuildPhase section */

/* Begin XCBuildConfiguration section */
		1D6058940D05DD3E006BFB54 /* Debug */ = {
			isa = XCBuildConfiguration;
			buildSettings = {
				ASSETCATALOG_COMPILER_APPICON_NAME = AppIcon;
				ASSETCATALOG_COMPILER_LAUNCHIMAGE_NAME = LaunchImage;
				CODE_SIGN_IDENTITY = "iPhone Developer";
				"CODE_SIGN_IDENTITY[sdk=iphoneos*]" = "iPhone Developer";
				INFOPLIST_FILE = "App-Info.plist";
				LIBRARY_SEARCH_PATHS = (
					"$(inherited)",
					/Users/jdabbott/Projects/MonsterStomper/MonsterStomper,
				);
				OTHER_LDFLAGS = "-ObjC";
				PRODUCT_NAME = Stomper;
				PROVISIONING_PROFILE = "";
				TARGETED_DEVICE_FAMILY = 1;
				USER_HEADER_SEARCH_PATHS = "${SRCROOT}/Box2D/Box2D/** ${SRCROOT}/Sparrow/Classes/**";
			};
			name = Debug;
		};
		1D6058950D05DD3E006BFB54 /* Release */ = {
			isa = XCBuildConfiguration;
			buildSettings = {
				ASSETCATALOG_COMPILER_APPICON_NAME = AppIcon;
				ASSETCATALOG_COMPILER_LAUNCHIMAGE_NAME = LaunchImage;
				CODE_SIGN_IDENTITY = "iPhone Developer";
				"CODE_SIGN_IDENTITY[sdk=iphoneos*]" = "iPhone Developer";
				INFOPLIST_FILE = "App-Info.plist";
				LIBRARY_SEARCH_PATHS = (
					"$(inherited)",
					/Users/jdabbott/Projects/MonsterStomper/MonsterStomper,
				);
				OTHER_LDFLAGS = "-ObjC";
				PRODUCT_NAME = Stomper;
				PROVISIONING_PROFILE = "";
				TARGETED_DEVICE_FAMILY = 1;
				USER_HEADER_SEARCH_PATHS = "${SRCROOT}/Box2D/Box2D/** ${SRCROOT}/Sparrow/Classes/**";
			};
			name = Release;
		};
		C01FCF4F08A954540054247B /* Debug */ = {
			isa = XCBuildConfiguration;
			buildSettings = {
				CLANG_ENABLE_MODULES = NO;
				CLANG_ENABLE_OBJC_ARC = YES;
				CLANG_WARN_CONSTANT_CONVERSION = YES;
				CLANG_WARN_EMPTY_BODY = YES;
				CLANG_WARN_ENUM_CONVERSION = YES;
				CLANG_WARN_INT_CONVERSION = YES;
				CLANG_WARN__DUPLICATE_METHOD_MATCH = YES;
				CODE_SIGN_IDENTITY = "iPhone Developer";
				"CODE_SIGN_IDENTITY[sdk=iphoneos*]" = "iPhone Developer";
				COPY_PHASE_STRIP = NO;
				GCC_C_LANGUAGE_STANDARD = gnu99;
				GCC_OPTIMIZATION_LEVEL = 0;
				GCC_PRECOMPILE_PREFIX_HEADER = YES;
				GCC_PREFIX_HEADER = "App-Prefix.pch";
				GCC_THUMB_SUPPORT = NO;
				GCC_WARN_ABOUT_RETURN_TYPE = YES;
				GCC_WARN_UNINITIALIZED_AUTOS = YES;
				GCC_WARN_UNUSED_VARIABLE = YES;
				HEADER_SEARCH_PATHS = (
					"$(inherited)",
					/Applications/Xcode.app/Contents/Developer/Toolchains/XcodeDefault.xctoolchain/usr/include,
					"${SRCROOT}",
				);
				INFOPLIST_FILE = "";
				IPHONEOS_DEPLOYMENT_TARGET = 5.0;
				LIBRARY_SEARCH_PATHS = "";
				ONLY_ACTIVE_ARCH = YES;
				OTHER_LDFLAGS = (
					"-ObjC",
					"-all_load",
				);
				PRODUCT_NAME = "Monster Stomper";
				PROVISIONING_PROFILE = "";
				SDKROOT = iphoneos;
				TARGETED_DEVICE_FAMILY = "1,2";
				USER_HEADER_SEARCH_PATHS = "${SRCROOT}/Sparrow/Classes/**";
			};
			name = Debug;
		};
		C01FCF5008A954540054247B /* Release */ = {
			isa = XCBuildConfiguration;
			buildSettings = {
				CLANG_ENABLE_MODULES = NO;
				CLANG_ENABLE_OBJC_ARC = YES;
				CLANG_WARN_CONSTANT_CONVERSION = YES;
				CLANG_WARN_EMPTY_BODY = YES;
				CLANG_WARN_ENUM_CONVERSION = YES;
				CLANG_WARN_INT_CONVERSION = YES;
				CLANG_WARN__DUPLICATE_METHOD_MATCH = YES;
				CODE_SIGN_IDENTITY = "iPhone Developer";
				"CODE_SIGN_IDENTITY[sdk=iphoneos*]" = "iPhone Developer";
				GCC_C_LANGUAGE_STANDARD = gnu99;
				GCC_PRECOMPILE_PREFIX_HEADER = YES;
				GCC_PREFIX_HEADER = "App-Prefix.pch";
				GCC_THUMB_SUPPORT = NO;
				GCC_WARN_ABOUT_RETURN_TYPE = YES;
				GCC_WARN_UNINITIALIZED_AUTOS = YES;
				GCC_WARN_UNUSED_VARIABLE = YES;
				HEADER_SEARCH_PATHS = (
					"$(inherited)",
					/Applications/Xcode.app/Contents/Developer/Toolchains/XcodeDefault.xctoolchain/usr/include,
					"${SRCROOT}",
				);
				INFOPLIST_FILE = "";
				IPHONEOS_DEPLOYMENT_TARGET = 5.0;
				LIBRARY_SEARCH_PATHS = "";
				OTHER_LDFLAGS = (
					"-ObjC",
					"-all_load",
				);
				PRODUCT_NAME = "Monster Stomper";
				PROVISIONING_PROFILE = "";
				SDKROOT = iphoneos;
				TARGETED_DEVICE_FAMILY = "1,2";
				USER_HEADER_SEARCH_PATHS = "${SRCROOT}/Sparrow/Classes/**";
				VALIDATE_PRODUCT = YES;
			};
			name = Release;
		};
/* End XCBuildConfiguration section */

/* Begin XCConfigurationList section */
		1D6058960D05DD3E006BFB54 /* Build configuration list for PBXNativeTarget "MonsterStomper" */ = {
			isa = XCConfigurationList;
			buildConfigurations = (
				1D6058940D05DD3E006BFB54 /* Debug */,
				1D6058950D05DD3E006BFB54 /* Release */,
			);
			defaultConfigurationIsVisible = 0;
			defaultConfigurationName = Release;
		};
		C01FCF4E08A954540054247B /* Build configuration list for PBXProject "MonsterStomper" */ = {
			isa = XCConfigurationList;
			buildConfigurations = (
				C01FCF4F08A954540054247B /* Debug */,
				C01FCF5008A954540054247B /* Release */,
			);
			defaultConfigurationIsVisible = 0;
			defaultConfigurationName = Release;
		};
/* End XCConfigurationList section */
	};
	rootObject = 29B97313FDCFA39411CA2CEA /* Project object */;
}
